
Microsoft Visual Studio Solution File, Format Version 12.00
# Visual Studio Version 16
VisualStudioVersion = 16.0.31112.23
MinimumVisualStudioVersion = 10.0.40219.1
Project("{FAE04EC0-301F-11D3-BF4B-00C04F79EFBC}") = "WinFormsApp1", "WinFormsApp1\WinFormsApp1.csproj", "{C491412B-9EA3-486A-8499-D22EBD373B7F}"
EndProject
Global
	GlobalSection(SolutionConfigurationPlatforms) = preSolution
		Debug|Any CPU = Debug|Any CPU
		Release|Any CPU = Release|Any CPU
	EndGlobalSection
	GlobalSection(ProjectConfigurationPlatforms) = postSolution
		{C491412B-9EA3-486A-8499-D22EBD373B7F}.Debug|Any CPU.ActiveCfg = Debug|Any CPU
		{C491412B-9EA3-486A-8499-D22EBD373B7F}.Debug|Any CPU.Build.0 = Debug|Any CPU
		{C491412B-9EA3-486A-8499-D22EBD373B7F}.Release|Any CPU.ActiveCfg = Release|Any CPU
		{C491412B-9EA3-486A-8499-D22EBD373B7F}.Release|Any CPU.Build.0 = Release|Any CPU
	EndGlobalSection
	GlobalSection(SolutionProperties) = preSolution
		HideSolutionNode = FALSE
	EndGlobalSection
	GlobalSection(ExtensibilityGlobals) = postSolution
		SolutionGuid = {ACCA4340-2289-4B94-8FE7-6BA73F624678}
	EndGlobalSection
EndGlobal
